
Microsoft Visual Studio Solution File, Format Version 12.00
# Visual Studio Version 17
VisualStudioVersion = 17.7.34009.444
MinimumVisualStudioVersion = 10.0.40219.1
Project("{FAE04EC0-301F-11D3-BF4B-00C04F79EFBC}") = "SU.DAL", "SU.DAL\SU.DAL.csproj", "{C9C1B116-983B-4CD3-819E-18FB7005BED4}"
EndProject
Project("{FAE04EC0-301F-11D3-BF4B-00C04F79EFBC}") = "SU.BLL", "SU.BLL\SU.BLL.csproj", "{FADC97FE-4E4A-4F50-9423-88E8301ADF1A}"
EndProject
Project("{FAE04EC0-301F-11D3-BF4B-00C04F79EFBC}") = "SU.Online.Web", "SU.Online.Web\SU.Online.Web.csproj", "{73EA1EF6-7FB8-4906-86EF-3A01719E4FBA}"
EndProject
Global
	GlobalSection(SolutionConfigurationPlatforms) = preSolution
		Debug|Any CPU = Debug|Any CPU
		Release|Any CPU = Release|Any CPU
	EndGlobalSection
	GlobalSection(ProjectConfigurationPlatforms) = postSolution
		{C9C1B116-983B-4CD3-819E-18FB7005BED4}.Debug|Any CPU.ActiveCfg = Debug|Any CPU
		{C9C1B116-983B-4CD3-819E-18FB7005BED4}.Debug|Any CPU.Build.0 = Debug|Any CPU
		{C9C1B116-983B-4CD3-819E-18FB7005BED4}.Release|Any CPU.ActiveCfg = Release|Any CPU
		{C9C1B116-983B-4CD3-819E-18FB7005BED4}.Release|Any CPU.Build.0 = Release|Any CPU
		{FADC97FE-4E4A-4F50-9423-88E8301ADF1A}.Debug|Any CPU.ActiveCfg = Debug|Any CPU
		{FADC97FE-4E4A-4F50-9423-88E8301ADF1A}.Debug|Any CPU.Build.0 = Debug|Any CPU
		{FADC97FE-4E4A-4F50-9423-88E8301ADF1A}.Release|Any CPU.ActiveCfg = Release|Any CPU
		{FADC97FE-4E4A-4F50-9423-88E8301ADF1A}.Release|Any CPU.Build.0 = Release|Any CPU
		{73EA1EF6-7FB8-4906-86EF-3A01719E4FBA}.Debug|Any CPU.ActiveCfg = Debug|Any CPU
		{73EA1EF6-7FB8-4906-86EF-3A01719E4FBA}.Debug|Any CPU.Build.0 = Debug|Any CPU
		{73EA1EF6-7FB8-4906-86EF-3A01719E4FBA}.Release|Any CPU.ActiveCfg = Release|Any CPU
		{73EA1EF6-7FB8-4906-86EF-3A01719E4FBA}.Release|Any CPU.Build.0 = Release|Any CPU
	EndGlobalSection
	GlobalSection(SolutionProperties) = preSolution
		HideSolutionNode = FALSE
	EndGlobalSection
	GlobalSection(ExtensibilityGlobals) = postSolution
		SolutionGuid = {0B8096CB-8F15-402B-B560-4C786C00B814}
	EndGlobalSection
EndGlobal
